
Microsoft Visual Studio Solution File, Format Version 12.00
# Visual Studio Version 17
VisualStudioVersion = 17.11.35219.272
MinimumVisualStudioVersion = 10.0.40219.1
Project("{2150E333-8FDC-42A3-9474-1A3956D46DE8}") = "FrontEnd", "FrontEnd", "{02F83CC9-0910-4F93-8E8C-AF13B30F40D5}"
EndProject
Project("{2150E333-8FDC-42A3-9474-1A3956D46DE8}") = "Services", "Services", "{52CCCEAA-986F-403E-B35D-C60823F2B98C}"
EndProject
Project("{FAE04EC0-301F-11D3-BF4B-00C04F79EFBC}") = "GeekShopping.Web", "GeekShopping.Web\GeekShopping.Web.csproj", "{E8AEAA4B-F282-4EBF-9B88-E208473BC096}"
EndProject
Project("{FAE04EC0-301F-11D3-BF4B-00C04F79EFBC}") = "GeekShopping.ProductApi", "GeekShopping.ProductApi\GeekShopping.ProductApi.csproj", "{AC53B470-44B3-4A24-A185-B5612C5C8DA8}"
EndProject
Global
	GlobalSection(SolutionConfigurationPlatforms) = preSolution
		Debug|Any CPU = Debug|Any CPU
		Release|Any CPU = Release|Any CPU
	EndGlobalSection
	GlobalSection(ProjectConfigurationPlatforms) = postSolution
		{E8AEAA4B-F282-4EBF-9B88-E208473BC096}.Debug|Any CPU.ActiveCfg = Debug|Any CPU
		{E8AEAA4B-F282-4EBF-9B88-E208473BC096}.Debug|Any CPU.Build.0 = Debug|Any CPU
		{E8AEAA4B-F282-4EBF-9B88-E208473BC096}.Release|Any CPU.ActiveCfg = Release|Any CPU
		{E8AEAA4B-F282-4EBF-9B88-E208473BC096}.Release|Any CPU.Build.0 = Release|Any CPU
		{AC53B470-44B3-4A24-A185-B5612C5C8DA8}.Debug|Any CPU.ActiveCfg = Debug|Any CPU
		{AC53B470-44B3-4A24-A185-B5612C5C8DA8}.Debug|Any CPU.Build.0 = Debug|Any CPU
		{AC53B470-44B3-4A24-A185-B5612C5C8DA8}.Release|Any CPU.ActiveCfg = Release|Any CPU
		{AC53B470-44B3-4A24-A185-B5612C5C8DA8}.Release|Any CPU.Build.0 = Release|Any CPU
	EndGlobalSection
	GlobalSection(SolutionProperties) = preSolution
		HideSolutionNode = FALSE
	EndGlobalSection
	GlobalSection(NestedProjects) = preSolution
		{E8AEAA4B-F282-4EBF-9B88-E208473BC096} = {02F83CC9-0910-4F93-8E8C-AF13B30F40D5}
		{AC53B470-44B3-4A24-A185-B5612C5C8DA8} = {52CCCEAA-986F-403E-B35D-C60823F2B98C}
	EndGlobalSection
	GlobalSection(ExtensibilityGlobals) = postSolution
		SolutionGuid = {C178BF26-8798-4BF0-A506-F6006E001267}
	EndGlobalSection
EndGlobal
